
Microsoft Visual Studio Solution File, Format Version 12.00
# Visual Studio 15
VisualStudioVersion = 15.0.27004.2002
MinimumVisualStudioVersion = 10.0.40219.1
Project("{8BC9CEB8-8B4A-11D0-8D11-00A0C91BC942}") = "Selection", "Algorithm\Algorithm.vcxproj", "{377894A9-16A2-4D4F-8655-30A8B6C6C413}"
EndProject
Project("{8BC9CEB8-8B4A-11D0-8D11-00A0C91BC942}") = "Bubble", "Bubble\Bubble.vcxproj", "{6776D00C-CEAF-4502-9633-1463858FDDC1}"
EndProject
Project("{8BC9CEB8-8B4A-11D0-8D11-00A0C91BC942}") = "Insertion", "Insertion\Insertion.vcxproj", "{01F479CB-F735-43D8-B412-3EEC636FB0DC}"
EndProject
Project("{8BC9CEB8-8B4A-11D0-8D11-00A0C91BC942}") = "Shell", "Shell\Shell.vcxproj", "{FCD87FB2-4ED0-4DDA-AE94-C9E3DC9487D0}"
EndProject
Project("{8BC9CEB8-8B4A-11D0-8D11-00A0C91BC942}") = "QuickSort", "QuickSort\QuickSort.vcxproj", "{F4A60B62-CFB8-4D92-8688-9D1A2AF95710}"
EndProject
Project("{8BC9CEB8-8B4A-11D0-8D11-00A0C91BC942}") = "Merge", "Merge\Merge.vcxproj", "{58D4E44A-6BC2-4407-878A-D9C2835FF579}"
EndProject
Project("{8BC9CEB8-8B4A-11D0-8D11-00A0C91BC942}") = "HeapSort", "HeapSort\HeapSort.vcxproj", "{29193923-3915-481D-AE50-B09F6026E422}"
EndProject
Project("{8BC9CEB8-8B4A-11D0-8D11-00A0C91BC942}") = "CounterSort", "CounterSort\CounterSort.vcxproj", "{248A93D5-0F42-489B-9DEF-FD158B9C29B0}"
EndProject
Project("{8BC9CEB8-8B4A-11D0-8D11-00A0C91BC942}") = "BinarySearch", "BinarySearch\BinarySearch.vcxproj", "{CD8C3748-3BB8-406D-8BDA-DA855DA9583C}"
EndProject
Project("{8BC9CEB8-8B4A-11D0-8D11-00A0C91BC942}") = "Hash", "Hash\Hash.vcxproj", "{486BF943-6A87-4373-8794-B87753390FCB}"
EndProject
Project("{8BC9CEB8-8B4A-11D0-8D11-00A0C91BC942}") = "StringSearch", "StringSearch\StringSearch.vcxproj", "{B9902F73-FF80-4146-A0ED-27EEE4B495A9}"
EndProject
Project("{8BC9CEB8-8B4A-11D0-8D11-00A0C91BC942}") = "KMP", "KMP\KMP.vcxproj", "{2DF346CF-B017-4F10-BA08-A79ACE411F9D}"
EndProject
Project("{8BC9CEB8-8B4A-11D0-8D11-00A0C91BC942}") = "DoubleHash", "DoubleHash\DoubleHash.vcxproj", "{C8EB30CD-6C39-47F8-B9E6-B418460FEC4F}"
EndProject
Global
	GlobalSection(SolutionConfigurationPlatforms) = preSolution
		Debug|x64 = Debug|x64
		Debug|x86 = Debug|x86
		Release|x64 = Release|x64
		Release|x86 = Release|x86
	EndGlobalSection
	GlobalSection(ProjectConfigurationPlatforms) = postSolution
		{377894A9-16A2-4D4F-8655-30A8B6C6C413}.Debug|x64.ActiveCfg = Debug|x64
		{377894A9-16A2-4D4F-8655-30A8B6C6C413}.Debug|x64.Build.0 = Debug|x64
		{377894A9-16A2-4D4F-8655-30A8B6C6C413}.Debug|x86.ActiveCfg = Debug|Win32
		{377894A9-16A2-4D4F-8655-30A8B6C6C413}.Debug|x86.Build.0 = Debug|Win32
		{377894A9-16A2-4D4F-8655-30A8B6C6C413}.Release|x64.ActiveCfg = Release|x64
		{377894A9-16A2-4D4F-8655-30A8B6C6C413}.Release|x64.Build.0 = Release|x64
		{377894A9-16A2-4D4F-8655-30A8B6C6C413}.Release|x86.ActiveCfg = Release|Win32
		{377894A9-16A2-4D4F-8655-30A8B6C6C413}.Release|x86.Build.0 = Release|Win32
		{6776D00C-CEAF-4502-9633-1463858FDDC1}.Debug|x64.ActiveCfg = Debug|x64
		{6776D00C-CEAF-4502-9633-1463858FDDC1}.Debug|x64.Build.0 = Debug|x64
		{6776D00C-CEAF-4502-9633-1463858FDDC1}.Debug|x86.ActiveCfg = Debug|Win32
		{6776D00C-CEAF-4502-9633-1463858FDDC1}.Debug|x86.Build.0 = Debug|Win32
		{6776D00C-CEAF-4502-9633-1463858FDDC1}.Release|x64.ActiveCfg = Release|x64
		{6776D00C-CEAF-4502-9633-1463858FDDC1}.Release|x64.Build.0 = Release|x64
		{6776D00C-CEAF-4502-9633-1463858FDDC1}.Release|x86.ActiveCfg = Release|Win32
		{6776D00C-CEAF-4502-9633-1463858FDDC1}.Release|x86.Build.0 = Release|Win32
		{01F479CB-F735-43D8-B412-3EEC636FB0DC}.Debug|x64.ActiveCfg = Debug|x64
		{01F479CB-F735-43D8-B412-3EEC636FB0DC}.Debug|x64.Build.0 = Debug|x64
		{01F479CB-F735-43D8-B412-3EEC636FB0DC}.Debug|x86.ActiveCfg = Debug|Win32
		{01F479CB-F735-43D8-B412-3EEC636FB0DC}.Debug|x86.Build.0 = Debug|Win32
		{01F479CB-F735-43D8-B412-3EEC636FB0DC}.Release|x64.ActiveCfg = Release|x64
		{01F479CB-F735-43D8-B412-3EEC636FB0DC}.Release|x64.Build.0 = Release|x64
		{01F479CB-F735-43D8-B412-3EEC636FB0DC}.Release|x86.ActiveCfg = Release|Win32
		{01F479CB-F735-43D8-B412-3EEC636FB0DC}.Release|x86.Build.0 = Release|Win32
		{FCD87FB2-4ED0-4DDA-AE94-C9E3DC9487D0}.Debug|x64.ActiveCfg = Debug|x64
		{FCD87FB2-4ED0-4DDA-AE94-C9E3DC9487D0}.Debug|x64.Build.0 = Debug|x64
		{FCD87FB2-4ED0-4DDA-AE94-C9E3DC9487D0}.Debug|x86.ActiveCfg = Debug|Win32
		{FCD87FB2-4ED0-4DDA-AE94-C9E3DC9487D0}.Debug|x86.Build.0 = Debug|Win32
		{FCD87FB2-4ED0-4DDA-AE94-C9E3DC9487D0}.Release|x64.ActiveCfg = Release|x64
		{FCD87FB2-4ED0-4DDA-AE94-C9E3DC9487D0}.Release|x64.Build.0 = Release|x64
		{FCD87FB2-4ED0-4DDA-AE94-C9E3DC9487D0}.Release|x86.ActiveCfg = Release|Win32
		{FCD87FB2-4ED0-4DDA-AE94-C9E3DC9487D0}.Release|x86.Build.0 = Release|Win32
		{F4A60B62-CFB8-4D92-8688-9D1A2AF95710}.Debug|x64.ActiveCfg = Debug|x64
		{F4A60B62-CFB8-4D92-8688-9D1A2AF95710}.Debug|x64.Build.0 = Debug|x64
		{F4A60B62-CFB8-4D92-8688-9D1A2AF95710}.Debug|x86.ActiveCfg = Debug|Win32
		{F4A60B62-CFB8-4D92-8688-9D1A2AF95710}.Debug|x86.Build.0 = Debug|Win32
		{F4A60B62-CFB8-4D92-8688-9D1A2AF95710}.Release|x64.ActiveCfg = Release|x64
		{F4A60B62-CFB8-4D92-8688-9D1A2AF95710}.Release|x64.Build.0 = Release|x64
		{F4A60B62-CFB8-4D92-8688-9D1A2AF95710}.Release|x86.ActiveCfg = Release|Win32
		{F4A60B62-CFB8-4D92-8688-9D1A2AF95710}.Release|x86.Build.0 = Release|Win32
		{58D4E44A-6BC2-4407-878A-D9C2835FF579}.Debug|x64.ActiveCfg = Debug|x64
		{58D4E44A-6BC2-4407-878A-D9C2835FF579}.Debug|x64.Build.0 = Debug|x64
		{58D4E44A-6BC2-4407-878A-D9C2835FF579}.Debug|x86.ActiveCfg = Debug|Win32
		{58D4E44A-6BC2-4407-878A-D9C2835FF579}.Debug|x86.Build.0 = Debug|Win32
		{58D4E44A-6BC2-4407-878A-D9C2835FF579}.Release|x64.ActiveCfg = Release|x64
		{58D4E44A-6BC2-4407-878A-D9C2835FF579}.Release|x64.Build.0 = Release|x64
		{58D4E44A-6BC2-4407-878A-D9C2835FF579}.Release|x86.ActiveCfg = Release|Win32
		{58D4E44A-6BC2-4407-878A-D9C2835FF579}.Release|x86.Build.0 = Release|Win32
		{29193923-3915-481D-AE50-B09F6026E422}.Debug|x64.ActiveCfg = Debug|x64
		{29193923-3915-481D-AE50-B09F6026E422}.Debug|x64.Build.0 = Debug|x64
		{29193923-3915-481D-AE50-B09F6026E422}.Debug|x86.ActiveCfg = Debug|Win32
		{29193923-3915-481D-AE50-B09F6026E422}.Debug|x86.Build.0 = Debug|Win32
		{29193923-3915-481D-AE50-B09F6026E422}.Release|x64.ActiveCfg = Release|x64
		{29193923-3915-481D-AE50-B09F6026E422}.Release|x64.Build.0 = Release|x64
		{29193923-3915-481D-AE50-B09F6026E422}.Release|x86.ActiveCfg = Release|Win32
		{29193923-3915-481D-AE50-B09F6026E422}.Release|x86.Build.0 = Release|Win32
		{248A93D5-0F42-489B-9DEF-FD158B9C29B0}.Debug|x64.ActiveCfg = Debug|x64
		{248A93D5-0F42-489B-9DEF-FD158B9C29B0}.Debug|x64.Build.0 = Debug|x64
		{248A93D5-0F42-489B-9DEF-FD158B9C29B0}.Debug|x86.ActiveCfg = Debug|Win32
		{248A93D5-0F42-489B-9DEF-FD158B9C29B0}.Debug|x86.Build.0 = Debug|Win32
		{248A93D5-0F42-489B-9DEF-FD158B9C29B0}.Release|x64.ActiveCfg = Release|x64
		{248A93D5-0F42-489B-9DEF-FD158B9C29B0}.Release|x64.Build.0 = Release|x64
		{248A93D5-0F42-489B-9DEF-FD158B9C29B0}.Release|x86.ActiveCfg = Release|Win32
		{248A93D5-0F42-489B-9DEF-FD158B9C29B0}.Release|x86.Build.0 = Release|Win32
		{CD8C3748-3BB8-406D-8BDA-DA855DA9583C}.Debug|x64.ActiveCfg = Debug|x64
		{CD8C3748-3BB8-406D-8BDA-DA855DA9583C}.Debug|x64.Build.0 = Debug|x64
		{CD8C3748-3BB8-406D-8BDA-DA855DA9583C}.Debug|x86.ActiveCfg = Debug|Win32
		{CD8C3748-3BB8-406D-8BDA-DA855DA9583C}.Debug|x86.Build.0 = Debug|Win32
		{CD8C3748-3BB8-406D-8BDA-DA855DA9583C}.Release|x64.ActiveCfg = Release|x64
		{CD8C3748-3BB8-406D-8BDA-DA855DA9583C}.Release|x64.Build.0 = Release|x64
		{CD8C3748-3BB8-406D-8BDA-DA855DA9583C}.Release|x86.ActiveCfg = Release|Win32
		{CD8C3748-3BB8-406D-8BDA-DA855DA9583C}.Release|x86.Build.0 = Release|Win32
		{486BF943-6A87-4373-8794-B87753390FCB}.Debug|x64.ActiveCfg = Debug|x64
		{486BF943-6A87-4373-8794-B87753390FCB}.Debug|x64.Build.0 = Debug|x64
		{486BF943-6A87-4373-8794-B87753390FCB}.Debug|x86.ActiveCfg = Debug|Win32
		{486BF943-6A87-4373-8794-B87753390FCB}.Debug|x86.Build.0 = Debug|Win32
		{486BF943-6A87-4373-8794-B87753390FCB}.Release|x64.ActiveCfg = Release|x64
		{486BF943-6A87-4373-8794-B87753390FCB}.Release|x64.Build.0 = Release|x64
		{486BF943-6A87-4373-8794-B87753390FCB}.Release|x86.ActiveCfg = Release|Win32
		{486BF943-6A87-4373-8794-B87753390FCB}.Release|x86.Build.0 = Release|Win32
		{B9902F73-FF80-4146-A0ED-27EEE4B495A9}.Debug|x64.ActiveCfg = Debug|x64
		{B9902F73-FF80-4146-A0ED-27EEE4B495A9}.Debug|x64.Build.0 = Debug|x64
		{B9902F73-FF80-4146-A0ED-27EEE4B495A9}.Debug|x86.ActiveCfg = Debug|Win32
		{B9902F73-FF80-4146-A0ED-27EEE4B495A9}.Debug|x86.Build.0 = Debug|Win32
		{B9902F73-FF80-4146-A0ED-27EEE4B495A9}.Release|x64.ActiveCfg = Release|x64
		{B9902F73-FF80-4146-A0ED-27EEE4B495A9}.Release|x64.Build.0 = Release|x64
		{B9902F73-FF80-4146-A0ED-27EEE4B495A9}.Release|x86.ActiveCfg = Release|Win32
		{B9902F73-FF80-4146-A0ED-27EEE4B495A9}.Release|x86.Build.0 = Release|Win32
		{2DF346CF-B017-4F10-BA08-A79ACE411F9D}.Debug|x64.ActiveCfg = Debug|x64
		{2DF346CF-B017-4F10-BA08-A79ACE411F9D}.Debug|x64.Build.0 = Debug|x64
		{2DF346CF-B017-4F10-BA08-A79ACE411F9D}.Debug|x86.ActiveCfg = Debug|Win32
		{2DF346CF-B017-4F10-BA08-A79ACE411F9D}.Debug|x86.Build.0 = Debug|Win32
		{2DF346CF-B017-4F10-BA08-A79ACE411F9D}.Release|x64.ActiveCfg = Release|x64
		{2DF346CF-B017-4F10-BA08-A79ACE411F9D}.Release|x64.Build.0 = Release|x64
		{2DF346CF-B017-4F10-BA08-A79ACE411F9D}.Release|x86.ActiveCfg = Release|Win32
		{2DF346CF-B017-4F10-BA08-A79ACE411F9D}.Release|x86.Build.0 = Release|Win32
		{C8EB30CD-6C39-47F8-B9E6-B418460FEC4F}.Debug|x64.ActiveCfg = Debug|x64
		{C8EB30CD-6C39-47F8-B9E6-B418460FEC4F}.Debug|x64.Build.0 = Debug|x64
		{C8EB30CD-6C39-47F8-B9E6-B418460FEC4F}.Debug|x86.ActiveCfg = Debug|Win32
		{C8EB30CD-6C39-47F8-B9E6-B418460FEC4F}.Debug|x86.Build.0 = Debug|Win32
		{C8EB30CD-6C39-47F8-B9E6-B418460FEC4F}.Release|x64.ActiveCfg = Release|x64
		{C8EB30CD-6C39-47F8-B9E6-B418460FEC4F}.Release|x64.Build.0 = Release|x64
		{C8EB30CD-6C39-47F8-B9E6-B418460FEC4F}.Release|x86.ActiveCfg = Release|Win32
		{C8EB30CD-6C39-47F8-B9E6-B418460FEC4F}.Release|x86.Build.0 = Release|Win32
	EndGlobalSection
	GlobalSection(SolutionProperties) = preSolution
		HideSolutionNode = FALSE
	EndGlobalSection
	GlobalSection(ExtensibilityGlobals) = postSolution
		SolutionGuid = {97C1EF56-31F0-4AA3-B7A1-941B47E47A2E}
	EndGlobalSection
EndGlobal
